// !$*UTF8*$!
{
	archiveVersion = 1;
	classes = {
	};
	objectVersion = 50;
	objects = {

/* Begin PBXBuildFile section */
		E73377BD2418C8B9004882EA /* AppDelegate.m in Sources */ = {isa = PBXBuildFile; fileRef = E73377BC2418C8B9004882EA /* AppDelegate.m */; };
		E73377C02418C8B9004882EA /* SceneDelegate.m in Sources */ = {isa = PBXBuildFile; fileRef = E73377BF2418C8B9004882EA /* SceneDelegate.m */; };
		E73377C32418C8B9004882EA /* ViewController.m in Sources */ = {isa = PBXBuildFile; fileRef = E73377C22418C8B9004882EA /* ViewController.m */; };
		E73377C62418C8B9004882EA /* Main.storyboard in Resources */ = {isa = PBXBuildFile; fileRef = E73377C42418C8B9004882EA /* Main.storyboard */; };
		E73377C82418C8BA004882EA /* Assets.xcassets in Resources */ = {isa = PBXBuildFile; fileRef = E73377C72418C8BA004882EA /* Assets.xcassets */; };
		E73377CB2418C8BB004882EA /* LaunchScreen.storyboard in Resources */ = {isa = PBXBuildFile; fileRef = E73377C92418C8BB004882EA /* LaunchScreen.storyboard */; };
		E73377CE2418C8BB004882EA /* main.m in Sources */ = {isa = PBXBuildFile; fileRef = E73377CD2418C8BB004882EA /* main.m */; };
/* End PBXBuildFile section */

/* Begin PBXFileReference section */
		E73377B82418C8B8004882EA /* ZFTest.app */ = {isa = PBXFileReference; explicitFileType = wrapper.application; includeInIndex = 0; path = ZFTest.app; sourceTree = BUILT_PRODUCTS_DIR; };
		E73377BB2418C8B9004882EA /* AppDelegate.h */ = {isa = PBXFileReference; lastKnownFileType = sourcecode.c.h; path = AppDelegate.h; sourceTree = "<group>"; };
		E73377BC2418C8B9004882EA /* AppDelegate.m */ = {isa = PBXFileReference; lastKnownFileType = sourcecode.c.objc; path = AppDelegate.m; sourceTree = "<group>"; };
		E73377BE2418C8B9004882EA /* SceneDelegate.h */ = {isa = PBXFileReference; lastKnownFileType = sourcecode.c.h; path = SceneDelegate.h; sourceTree = "<group>"; };
		E73377BF2418C8B9004882EA /* SceneDelegate.m */ = {isa = PBXFileReference; lastKnownFileType = sourcecode.c.objc; path = SceneDelegate.m; sourceTree = "<group>"; };
		E73377C12418C8B9004882EA /* ViewController.h */ = {isa = PBXFileReference; lastKnownFileType = sourcecode.c.h; path = ViewController.h; sourceTree = "<group>"; };
		E73377C22418C8B9004882EA /* ViewController.m */ = {isa = PBXFileReference; lastKnownFileType = sourcecode.c.objc; path = ViewController.m; sourceTree = "<group>"; };
		E73377C52418C8B9004882EA /* Base */ = {isa = PBXFileReference; lastKnownFileType = file.storyboard; name = Base; path = Base.lproj/Main.storyboard; sourceTree = "<group>"; };
		E73377C72418C8BA004882EA /* Assets.xcassets */ = {isa = PBXFileReference; lastKnownFileType = folder.assetcatalog; path = Assets.xcassets; sourceTree = "<group>"; };
		E73377CA2418C8BB004882EA /* Base */ = {isa = PBXFileReference; lastKnownFileType = file.storyboard; name = Base; path = Base.lproj/LaunchScreen.storyboard; sourceTree = "<group>"; };
		E73377CC2418C8BB004882EA /* Info.plist */ = {isa = PBXFileReference; lastKnownFileType = text.plist.xml; path = Info.plist; sourceTree = "<group>"; };
		E73377CD2418C8BB004882EA /* main.m */ = {isa = PBXFileReference; lastKnownFileType = sourcecode.c.objc; path = main.m; sourceTree = "<group>"; };
/* End PBXFileReference section */

/* Begin PBXFrameworksBuildPhase section */
		E73377B52418C8B8004882EA /* Frameworks */ = {
			isa = PBXFrameworksBuildPhase;
			buildActionMask = 2147483647;
			files = (
			);
			runOnlyForDeploymentPostprocessing = 0;
		};
/* End PBXFrameworksBuildPhase section */

/* Begin PBXGroup section */
		E73377AF2418C8B8004882EA = {
			isa = PBXGroup;
			children = (
				E73377BA2418C8B8004882EA /* ZFTest */,
				E73377B92418C8B8004882EA /* Products */,
			);
			sourceTree = "<group>";
		};
		E73377B92418C8B8004882EA /* Products */ = {
			isa = PBXGroup;
			children = (
				E73377B82418C8B8004882EA /* ZFTest.app */,
			);
			name = Products;
			sourceTree = "<group>";
		};
		E73377BA2418C8B8004882EA /* ZFTest */ = {
			isa = PBXGroup;
			children = (
				E73377BB2418C8B9004882EA /* AppDelegate.h */,
				E73377BC2418C8B9004882EA /* AppDelegate.m */,
				E73377BE2418C8B9004882EA /* SceneDelegate.h */,
				E73377BF2418C8B9004882EA /* SceneDelegate.m */,
				E73377C12418C8B9004882EA /* ViewController.h */,
				E73377C22418C8B9004882EA /* ViewController.m */,
				E73377C42418C8B9004882EA /* Main.storyboard */,
				E73377C72418C8BA004882EA /* Assets.xcassets */,
				E73377C92418C8BB004882EA /* LaunchScreen.storyboard */,
				E73377CC2418C8BB004882EA /* Info.plist */,
				E73377CD2418C8BB004882EA /* main.m */,
			);
			path = ZFTest;
			sourceTree = "<group>";
		};
/* End PBXGroup section */

/* Begin PBXNativeTarget section */
		E73377B72418C8B8004882EA /* ZFTest */ = {
			isa = PBXNativeTarget;
			buildConfigurationList = E73377D12418C8BB004882EA /* Build configuration list for PBXNativeTarget "ZFTest" */;
			buildPhases = (
				E73377B42418C8B8004882EA /* Sources */,
				E73377B52418C8B8004882EA /* Frameworks */,
				E73377B62418C8B8004882EA /* Resources */,
			);
			buildRules = (
			);
			dependencies = (
			);
			name = ZFTest;
			productName = ZFTest;
			productReference = E73377B82418C8B8004882EA /* ZFTest.app */;
			productType = "com.apple.product-type.application";
		};
/* End PBXNativeTarget section */

/* Begin PBXProject section */
		E73377B02418C8B8004882EA /* Project object */ = {
			isa = PBXProject;
			attributes = {
				LastUpgradeCheck = 1120;
				ORGANIZATIONNAME = llbt;
				TargetAttributes = {
					E73377B72418C8B8004882EA = {
						CreatedOnToolsVersion = 11.2.1;
					};
				};
			};
			buildConfigurationList = E73377B32418C8B8004882EA /* Build configuration list for PBXProject "ZFTest" */;
			compatibilityVersion = "Xcode 9.3";
			developmentRegion = en;
			hasScannedForEncodings = 0;
			knownRegions = (
				en,
				Base,
			);
			mainGroup = E73377AF2418C8B8004882EA;
			productRefGroup = E73377B92418C8B8004882EA /* Products */;
			projectDirPath = "";
			projectRoot = "";
			targets = (
				E73377B72418C8B8004882EA /* ZFTest */,
			);
		};
/* End PBXProject section */

/* Begin PBXResourcesBuildPhase section */
		E73377B62418C8B8004882EA /* Resources */ = {
			isa = PBXResourcesBuildPhase;
			buildActionMask = 2147483647;
			files = (
				E73377CB2418C8BB004882EA /* LaunchScreen.storyboard in Resources */,
				E73377C82418C8BA004882EA /* Assets.xcassets in Resources */,
				E73377C62418C8B9004882EA /* Main.storyboard in Resources */,
			);
			runOnlyForDeploymentPostprocessing = 0;
		};
/* End PBXResourcesBuildPhase section */

/* Begin PBXSourcesBuildPhase section */
		E73377B42418C8B8004882EA /* Sources */ = {
			isa = PBXSourcesBuildPhase;
			buildActionMask = 2147483647;
			files = (
				E73377C32418C8B9004882EA /* ViewController.m in Sources */,
				E73377BD2418C8B9004882EA /* AppDelegate.m in Sources */,
				E73377CE2418C8BB004882EA /* main.m in Sources */,
				E73377C02418C8B9004882EA /* SceneDelegate.m in Sources */,
			);
			runOnlyForDeploymentPostprocessing = 0;
		};
/* End PBXSourcesBuildPhase section */

/* Begin PBXVariantGroup section */
		E73377C42418C8B9004882EA /* Main.storyboard */ = {
			isa = PBXVariantGroup;
			children = (
				E73377C52418C8B9004882EA /* Base */,
			);
			name = Main.storyboard;
			sourceTree = "<group>";
		};
		E73377C92418C8BB004882EA /* LaunchScreen.storyboard */ = {
			isa = PBXVariantGroup;
			children = (
				E73377CA2418C8BB004882EA /* Base */,
			);
			name = LaunchScreen.storyboard;
			sourceTree = "<group>";
		};
/* End PBXVariantGroup section */

/* Begin XCBuildConfiguration section */
		E73377CF2418C8BB004882EA /* Debug */ = {
			isa = XCBuildConfiguration;
			buildSettings = {
				ALWAYS_SEARCH_USER_PATHS = NO;
				CLANG_ANALYZER_NONNULL = YES;
				CLANG_ANALYZER_NUMBER_OBJECT_CONVERSION = YES_AGGRESSIVE;
				CLANG_CXX_LANGUAGE_STANDARD = "gnu++14";
				CLANG_CXX_LIBRARY = "libc++";
				CLANG_ENABLE_MODULES = YES;
				CLANG_ENABLE_OBJC_ARC = YES;
				CLANG_ENABLE_OBJC_WEAK = YES;
				CLANG_WARN_BLOCK_CAPTURE_AUTORELEASING = YES;
				CLANG_WARN_BOOL_CONVERSION = YES;
				CLANG_WARN_COMMA = YES;
				CLANG_WARN_CONSTANT_CONVERSION = YES;
				CLANG_WARN_DEPRECATED_OBJC_IMPLEMENTATIONS = YES;
				CLANG_WARN_DIRECT_OBJC_ISA_USAGE = YES_ERROR;
				CLANG_WARN_DOCUMENTATION_COMMENTS = YES;
				CLANG_WARN_EMPTY_BODY = YES;
				CLANG_WARN_ENUM_CONVERSION = YES;
				CLANG_WARN_INFINITE_RECURSION = YES;
				CLANG_WARN_INT_CONVERSION = YES;
				CLANG_WARN_NON_LITERAL_NULL_CONVERSION = YES;
				CLANG_WARN_OBJC_IMPLICIT_RETAIN_SELF = YES;
				CLANG_WARN_OBJC_LITERAL_CONVERSION = YES;
				CLANG_WARN_OBJC_ROOT_CLASS = YES_ERROR;
				CLANG_WARN_RANGE_LOOP_ANALYSIS = YES;
				CLANG_WARN_STRICT_PROTOTYPES = YES;
				CLANG_WARN_SUSPICIOUS_MOVE = YES;
				CLANG_WARN_UNGUARDED_AVAILABILITY = YES_AGGRESSIVE;
				CLANG_WARN_UNREACHABLE_CODE = YES;
				CLANG_WARN__DUPLICATE_METHOD_MATCH = YES;
				COPY_PHASE_STRIP = NO;
				DEBUG_INFORMATION_FORMAT = dwarf;
				ENABLE_STRICT_OBJC_MSGSEND = YES;
				ENABLE_TESTABILITY = YES;
				GCC_C_LANGUAGE_STANDARD = gnu11;
				GCC_DYNAMIC_NO_PIC = NO;
				GCC_NO_COMMON_BLOCKS = YES;
				GCC_OPTIMIZATION_LEVEL = 0;
				GCC_PREPROCESSOR_DEFINITIONS = (
					"DEBUG=1",
					"$(inherited)",
				);
				GCC_WARN_64_TO_32_BIT_CONVERSION = YES;
				GCC_WARN_ABOUT_RETURN_TYPE = YES_ERROR;
				GCC_WARN_UNDECLARED_SELECTOR = YES;
				GCC_WARN_UNINITIALIZED_AUTOS = YES_AGGRESSIVE;
				GCC_WARN_UNUSED_FUNCTION = YES;
				GCC_WARN_UNUSED_VARIABLE = YES;
				IPHONEOS_DEPLOYMENT_TARGET = 13.2;
				MTL_ENABLE_DEBUG_INFO = INCLUDE_SOURCE;
				MTL_FAST_MATH = YES;
				ONLY_ACTIVE_ARCH = YES;
				SDKROOT = iphoneos;
			};
			name = Debug;
		};
		E73377D02418C8BB004882EA /* Release */ = {
			isa = XCBuildConfiguration;
			buildSettings = {
				ALWAYS_SEARCH_USER_PATHS = NO;
				CLANG_ANALYZER_NONNULL = YES;
				CLANG_ANALYZER_NUMBER_OBJECT_CONVERSION = YES_AGGRESSIVE;
				CLANG_CXX_LANGUAGE_STANDARD = "gnu++14";
				CLANG_CXX_LIBRARY = "libc++";
				CLANG_ENABLE_MODULES = YES;
				CLANG_ENABLE_OBJC_ARC = YES;
				CLANG_ENABLE_OBJC_WEAK = YES;
				CLANG_WARN_BLOCK_CAPTURE_AUTORELEASING = YES;
				CLANG_WARN_BOOL_CONVERSION = YES;
				CLANG_WARN_COMMA = YES;
				CLANG_WARN_CONSTANT_CONVERSION = YES;
				CLANG_WARN_DEPRECATED_OBJC_IMPLEMENTATIONS = YES;
				CLANG_WARN_DIRECT_OBJC_ISA_USAGE = YES_ERROR;
				CLANG_WARN_DOCUMENTATION_COMMENTS = YES;
				CLANG_WARN_EMPTY_BODY = YES;
				CLANG_WARN_ENUM_CONVERSION = YES;
				CLANG_WARN_INFINITE_RECURSION = YES;
				CLANG_WARN_INT_CONVERSION = YES;
				CLANG_WARN_NON_LITERAL_NULL_CONVERSION = YES;
				CLANG_WARN_OBJC_IMPLICIT_RETAIN_SELF = YES;
				CLANG_WARN_OBJC_LITERAL_CONVERSION = YES;
				CLANG_WARN_OBJC_ROOT_CLASS = YES_ERROR;
				CLANG_WARN_RANGE_LOOP_ANALYSIS = YES;
				CLANG_WARN_STRICT_PROTOTYPES = YES;
				CLANG_WARN_SUSPICIOUS_MOVE = YES;
				CLANG_WARN_UNGUARDED_AVAILABILITY = YES_AGGRESSIVE;
				CLANG_WARN_UNREACHABLE_CODE = YES;
				CLANG_WARN__DUPLICATE_METHOD_MATCH = YES;
				COPY_PHASE_STRIP = NO;
				DEBUG_INFORMATION_FORMAT = "dwarf-with-dsym";
				ENABLE_NS_ASSERTIONS = NO;
				ENABLE_STRICT_OBJC_MSGSEND = YES;
				GCC_C_LANGUAGE_STANDARD = gnu11;
				GCC_NO_COMMON_BLOCKS = YES;
				GCC_WARN_64_TO_32_BIT_CONVERSION = YES;
				GCC_WARN_ABOUT_RETURN_TYPE = YES_ERROR;
				GCC_WARN_UNDECLARED_SELECTOR = YES;
				GCC_WARN_UNINITIALIZED_AUTOS = YES_AGGRESSIVE;
				GCC_WARN_UNUSED_FUNCTION = YES;
				GCC_WARN_UNUSED_VARIABLE = YES;
				IPHONEOS_DEPLOYMENT_TARGET = 13.2;
				MTL_ENABLE_DEBUG_INFO = NO;
				MTL_FAST_MATH = YES;
				SDKROOT = iphoneos;
				VALIDATE_PRODUCT = YES;
			};
			name = Release;
		};
		E73377D22418C8BB004882EA /* Debug */ = {
			isa = XCBuildConfiguration;
			buildSettings = {
				ASSETCATALOG_COMPILER_APPICON_NAME = AppIcon;
				CODE_SIGN_STYLE = Automatic;
				INFOPLIST_FILE = ZFTest/Info.plist;
				IPHONEOS_DEPLOYMENT_TARGET = 9.0;
				LD_RUNPATH_SEARCH_PATHS = (
					"$(inherited)",
					"@executable_path/Frameworks",
				);
				PRODUCT_BUNDLE_IDENTIFIER = jiang.ZFTest;
				PRODUCT_NAME = "$(TARGET_NAME)";
				TARGETED_DEVICE_FAMILY = "1,2";
			};
			name = Debug;
		};
		E73377D32418C8BB004882EA /* Release */ = {
			isa = XCBuildConfiguration;
			buildSettings = {
				ASSETCATALOG_COMPILER_APPICON_NAME = AppIcon;
				CODE_SIGN_STYLE = Automatic;
				INFOPLIST_FILE = ZFTest/Info.plist;
				IPHONEOS_DEPLOYMENT_TARGET = 9.0;
				LD_RUNPATH_SEARCH_PATHS = (
					"$(inherited)",
					"@executable_path/Frameworks",
				);
				PRODUCT_BUNDLE_IDENTIFIER = jiang.ZFTest;
				PRODUCT_NAME = "$(TARGET_NAME)";
				TARGETED_DEVICE_FAMILY = "1,2";
			};
			name = Release;
		};
/* End XCBuildConfiguration section */

/* Begin XCConfigurationList section */
		E73377B32418C8B8004882EA /* Build configuration list for PBXProject "ZFTest" */ = {
			isa = XCConfigurationList;
			buildConfigurations = (
				E73377CF2418C8BB004882EA /* Debug */,
				E73377D02418C8BB004882EA /* Release */,
			);
			defaultConfigurationIsVisible = 0;
			defaultConfigurationName = Release;
		};
		E73377D12418C8BB004882EA /* Build configuration list for PBXNativeTarget "ZFTest" */ = {
			isa = XCConfigurationList;
			buildConfigurations = (
				E73377D22418C8BB004882EA /* Debug */,
				E73377D32418C8BB004882EA /* Release */,
			);
			defaultConfigurationIsVisible = 0;
			defaultConfigurationName = Release;
		};
/* End XCConfigurationList section */
	};
	rootObject = E73377B02418C8B8004882EA /* Project object */;
}
